
Microsoft Visual Studio Solution File, Format Version 12.00
# Visual Studio Version 17
VisualStudioVersion = 17.10.35122.118
MinimumVisualStudioVersion = 10.0.40219.1
Project("{2150E333-8FDC-42A3-9474-1A3956D46DE8}") = "src", "src", "{3E29D1BB-75CA-4903-9E67-1AAB97D21DC9}"
EndProject
Project("{2150E333-8FDC-42A3-9474-1A3956D46DE8}") = "Application", "Application", "{F7EF86BE-D191-4BD6-988E-96EE94264946}"
EndProject
Project("{2150E333-8FDC-42A3-9474-1A3956D46DE8}") = "Contracts", "Contracts", "{36F34DD8-233D-48AF-9E73-A15D05FD0533}"
EndProject
Project("{2150E333-8FDC-42A3-9474-1A3956D46DE8}") = "Domain", "Domain", "{AD2762A0-50D2-41F4-9856-435235477040}"
EndProject
Project("{2150E333-8FDC-42A3-9474-1A3956D46DE8}") = "Hosts", "Hosts", "{47C6DBCB-ABED-42F6-BFA2-E7D086D8DB4D}"
EndProject
Project("{2150E333-8FDC-42A3-9474-1A3956D46DE8}") = "Infrastructure", "Infrastructure", "{61D3AEB3-7BEC-4EE3-A0FD-EAAD29E0199A}"
EndProject
Project("{9A19103F-16F7-4668-BE54-9A1E7A4F7556}") = "AdvBoard.Contracts", "src\AdvBoard.Contracts\AdvBoard.Contracts.csproj", "{557EDFB8-C92B-4DBB-8042-24646C704679}"
EndProject
Project("{9A19103F-16F7-4668-BE54-9A1E7A4F7556}") = "AdvBoard.AppServices", "src\AdvBoard.AppServices\AdvBoard.AppServices.csproj", "{4AB73D8A-5961-4CAB-B556-95DEC071D7F2}"
EndProject
Project("{9A19103F-16F7-4668-BE54-9A1E7A4F7556}") = "AdvBoard.Domain", "src\AdvBoard.Domain\AdvBoard.Domain.csproj", "{9F1B6C4F-8510-4890-BF13-7CA2CB1FE738}"
	ProjectSection(ProjectDependencies) = postProject
		{557EDFB8-C92B-4DBB-8042-24646C704679} = {557EDFB8-C92B-4DBB-8042-24646C704679}
	EndProjectSection
EndProject
Project("{9A19103F-16F7-4668-BE54-9A1E7A4F7556}") = "AdvBoard.DataAccess", "src\AdvBoard.DataAccess\AdvBoard.DataAccess.csproj", "{DCE32A5F-91AE-4D83-8031-F731FAC33F14}"
EndProject
Project("{9A19103F-16F7-4668-BE54-9A1E7A4F7556}") = "AdvBoard.Infrastructure", "src\AdvBoard.Infrastructure\AdvBoard.Infrastructure.csproj", "{A396105E-28D1-473A-A4DC-4D6945E1C641}"
EndProject
Project("{9A19103F-16F7-4668-BE54-9A1E7A4F7556}") = "AdvBoard.Api", "src\AdvBoard.Api\AdvBoard.Api.csproj", "{047C3293-6D24-4B89-B9CE-578E82520113}"
EndProject
Project("{9A19103F-16F7-4668-BE54-9A1E7A4F7556}") = "AdvBoard.ComponentRegistrator", "src\AdvBoard.ComponentRegistrator\AdvBoard.ComponentRegistrator.csproj", "{B1647941-3FCF-435F-8890-0E42C4316197}"
EndProject
Project("{FAE04EC0-301F-11D3-BF4B-00C04F79EFBC}") = "AdvBoard.DbMigrators", "src\AdvBoard.DbMigrators\AdvBoard.DbMigrators.csproj", "{DD6AB78F-60FB-412C-AC0B-2144E6EF08C6}"
EndProject
Global
	GlobalSection(SolutionConfigurationPlatforms) = preSolution
		Debug|Any CPU = Debug|Any CPU
		Release|Any CPU = Release|Any CPU
	EndGlobalSection
	GlobalSection(ProjectConfigurationPlatforms) = postSolution
		{557EDFB8-C92B-4DBB-8042-24646C704679}.Debug|Any CPU.ActiveCfg = Debug|Any CPU
		{557EDFB8-C92B-4DBB-8042-24646C704679}.Debug|Any CPU.Build.0 = Debug|Any CPU
		{557EDFB8-C92B-4DBB-8042-24646C704679}.Release|Any CPU.ActiveCfg = Release|Any CPU
		{557EDFB8-C92B-4DBB-8042-24646C704679}.Release|Any CPU.Build.0 = Release|Any CPU
		{4AB73D8A-5961-4CAB-B556-95DEC071D7F2}.Debug|Any CPU.ActiveCfg = Debug|Any CPU
		{4AB73D8A-5961-4CAB-B556-95DEC071D7F2}.Debug|Any CPU.Build.0 = Debug|Any CPU
		{4AB73D8A-5961-4CAB-B556-95DEC071D7F2}.Release|Any CPU.ActiveCfg = Release|Any CPU
		{4AB73D8A-5961-4CAB-B556-95DEC071D7F2}.Release|Any CPU.Build.0 = Release|Any CPU
		{9F1B6C4F-8510-4890-BF13-7CA2CB1FE738}.Debug|Any CPU.ActiveCfg = Debug|Any CPU
		{9F1B6C4F-8510-4890-BF13-7CA2CB1FE738}.Debug|Any CPU.Build.0 = Debug|Any CPU
		{9F1B6C4F-8510-4890-BF13-7CA2CB1FE738}.Release|Any CPU.ActiveCfg = Release|Any CPU
		{9F1B6C4F-8510-4890-BF13-7CA2CB1FE738}.Release|Any CPU.Build.0 = Release|Any CPU
		{DCE32A5F-91AE-4D83-8031-F731FAC33F14}.Debug|Any CPU.ActiveCfg = Debug|Any CPU
		{DCE32A5F-91AE-4D83-8031-F731FAC33F14}.Debug|Any CPU.Build.0 = Debug|Any CPU
		{DCE32A5F-91AE-4D83-8031-F731FAC33F14}.Release|Any CPU.ActiveCfg = Release|Any CPU
		{DCE32A5F-91AE-4D83-8031-F731FAC33F14}.Release|Any CPU.Build.0 = Release|Any CPU
		{A396105E-28D1-473A-A4DC-4D6945E1C641}.Debug|Any CPU.ActiveCfg = Debug|Any CPU
		{A396105E-28D1-473A-A4DC-4D6945E1C641}.Debug|Any CPU.Build.0 = Debug|Any CPU
		{A396105E-28D1-473A-A4DC-4D6945E1C641}.Release|Any CPU.ActiveCfg = Release|Any CPU
		{A396105E-28D1-473A-A4DC-4D6945E1C641}.Release|Any CPU.Build.0 = Release|Any CPU
		{047C3293-6D24-4B89-B9CE-578E82520113}.Debug|Any CPU.ActiveCfg = Debug|Any CPU
		{047C3293-6D24-4B89-B9CE-578E82520113}.Debug|Any CPU.Build.0 = Debug|Any CPU
		{047C3293-6D24-4B89-B9CE-578E82520113}.Release|Any CPU.ActiveCfg = Release|Any CPU
		{047C3293-6D24-4B89-B9CE-578E82520113}.Release|Any CPU.Build.0 = Release|Any CPU
		{B1647941-3FCF-435F-8890-0E42C4316197}.Debug|Any CPU.ActiveCfg = Debug|Any CPU
		{B1647941-3FCF-435F-8890-0E42C4316197}.Debug|Any CPU.Build.0 = Debug|Any CPU
		{B1647941-3FCF-435F-8890-0E42C4316197}.Release|Any CPU.ActiveCfg = Release|Any CPU
		{B1647941-3FCF-435F-8890-0E42C4316197}.Release|Any CPU.Build.0 = Release|Any CPU
		{DD6AB78F-60FB-412C-AC0B-2144E6EF08C6}.Debug|Any CPU.ActiveCfg = Debug|Any CPU
		{DD6AB78F-60FB-412C-AC0B-2144E6EF08C6}.Debug|Any CPU.Build.0 = Debug|Any CPU
		{DD6AB78F-60FB-412C-AC0B-2144E6EF08C6}.Release|Any CPU.ActiveCfg = Release|Any CPU
		{DD6AB78F-60FB-412C-AC0B-2144E6EF08C6}.Release|Any CPU.Build.0 = Release|Any CPU
	EndGlobalSection
	GlobalSection(SolutionProperties) = preSolution
		HideSolutionNode = FALSE
	EndGlobalSection
	GlobalSection(NestedProjects) = preSolution
		{F7EF86BE-D191-4BD6-988E-96EE94264946} = {3E29D1BB-75CA-4903-9E67-1AAB97D21DC9}
		{36F34DD8-233D-48AF-9E73-A15D05FD0533} = {3E29D1BB-75CA-4903-9E67-1AAB97D21DC9}
		{AD2762A0-50D2-41F4-9856-435235477040} = {3E29D1BB-75CA-4903-9E67-1AAB97D21DC9}
		{47C6DBCB-ABED-42F6-BFA2-E7D086D8DB4D} = {3E29D1BB-75CA-4903-9E67-1AAB97D21DC9}
		{61D3AEB3-7BEC-4EE3-A0FD-EAAD29E0199A} = {3E29D1BB-75CA-4903-9E67-1AAB97D21DC9}
		{557EDFB8-C92B-4DBB-8042-24646C704679} = {36F34DD8-233D-48AF-9E73-A15D05FD0533}
		{4AB73D8A-5961-4CAB-B556-95DEC071D7F2} = {F7EF86BE-D191-4BD6-988E-96EE94264946}
		{9F1B6C4F-8510-4890-BF13-7CA2CB1FE738} = {AD2762A0-50D2-41F4-9856-435235477040}
		{DCE32A5F-91AE-4D83-8031-F731FAC33F14} = {61D3AEB3-7BEC-4EE3-A0FD-EAAD29E0199A}
		{A396105E-28D1-473A-A4DC-4D6945E1C641} = {61D3AEB3-7BEC-4EE3-A0FD-EAAD29E0199A}
		{047C3293-6D24-4B89-B9CE-578E82520113} = {47C6DBCB-ABED-42F6-BFA2-E7D086D8DB4D}
		{B1647941-3FCF-435F-8890-0E42C4316197} = {61D3AEB3-7BEC-4EE3-A0FD-EAAD29E0199A}
		{DD6AB78F-60FB-412C-AC0B-2144E6EF08C6} = {47C6DBCB-ABED-42F6-BFA2-E7D086D8DB4D}
	EndGlobalSection
	GlobalSection(ExtensibilityGlobals) = postSolution
		SolutionGuid = {ED2BBEE6-B186-49A6-8777-D9BCD78E817B}
	EndGlobalSection
EndGlobal
